
Microsoft Visual Studio Solution File, Format Version 12.00
# Visual Studio Version 17
VisualStudioVersion = 17.9.34310.174
MinimumVisualStudioVersion = 10.0.40219.1
Project("{9A19103F-16F7-4668-BE54-9A1E7A4F7556}") = "DemoMauiApp", "DemoMauiApp\DemoMauiApp.csproj", "{0DA82CA5-5B61-4B57-AAF7-AF6D3285B431}"
EndProject
Global
	GlobalSection(SolutionConfigurationPlatforms) = preSolution
		Debug|Any CPU = Debug|Any CPU
		Debug|ARM32 = Debug|ARM32
		Release|Any CPU = Release|Any CPU
		Release|ARM32 = Release|ARM32
	EndGlobalSection
	GlobalSection(ProjectConfigurationPlatforms) = postSolution
		{0DA82CA5-5B61-4B57-AAF7-AF6D3285B431}.Debug|Any CPU.ActiveCfg = Debug|Any CPU
		{0DA82CA5-5B61-4B57-AAF7-AF6D3285B431}.Debug|Any CPU.Build.0 = Debug|Any CPU
		{0DA82CA5-5B61-4B57-AAF7-AF6D3285B431}.Debug|Any CPU.Deploy.0 = Debug|Any CPU
		{0DA82CA5-5B61-4B57-AAF7-AF6D3285B431}.Debug|ARM32.ActiveCfg = Debug|Any CPU
		{0DA82CA5-5B61-4B57-AAF7-AF6D3285B431}.Debug|ARM32.Build.0 = Debug|Any CPU
		{0DA82CA5-5B61-4B57-AAF7-AF6D3285B431}.Debug|ARM32.Deploy.0 = Debug|Any CPU
		{0DA82CA5-5B61-4B57-AAF7-AF6D3285B431}.Release|Any CPU.ActiveCfg = Release|Any CPU
		{0DA82CA5-5B61-4B57-AAF7-AF6D3285B431}.Release|Any CPU.Build.0 = Release|Any CPU
		{0DA82CA5-5B61-4B57-AAF7-AF6D3285B431}.Release|Any CPU.Deploy.0 = Release|Any CPU
		{0DA82CA5-5B61-4B57-AAF7-AF6D3285B431}.Release|ARM32.ActiveCfg = Release|ARM32
		{0DA82CA5-5B61-4B57-AAF7-AF6D3285B431}.Release|ARM32.Build.0 = Release|ARM32
		{0DA82CA5-5B61-4B57-AAF7-AF6D3285B431}.Release|ARM32.Deploy.0 = Release|ARM32
	EndGlobalSection
	GlobalSection(SolutionProperties) = preSolution
		HideSolutionNode = FALSE
	EndGlobalSection
	GlobalSection(ExtensibilityGlobals) = postSolution
		SolutionGuid = {2A6D3B98-0230-40A9-812A-32F049D78660}
	EndGlobalSection
EndGlobal
